
Microsoft Visual Studio Solution File, Format Version 12.00
# Visual Studio 2012
Project("{FAE04EC0-301F-11D3-BF4B-00C04F79EFBC}") = "BackupDontstarveSW", "BackupDontstarveSW\BackupDontstarveSW.csproj", "{CA16DBC7-8C92-4377-9582-0696EDAFB1E2}"
EndProject
Project("{6141683F-8A12-4E36-9623-2EB02B2C2303}") = "BackupDontStarveSWSetup", "BackupDontStarveSWSetup\BackupDontStarveSWSetup.isproj", "{CC4C924D-E9C7-4ECC-A11D-53224B5A81A1}"
	ProjectSection(ProjectDependencies) = postProject
		{CA16DBC7-8C92-4377-9582-0696EDAFB1E2} = {CA16DBC7-8C92-4377-9582-0696EDAFB1E2}
	EndProjectSection
EndProject
Global
	GlobalSection(SolutionConfigurationPlatforms) = preSolution
		CD_ROM|Any CPU = CD_ROM|Any CPU
		Debug|Any CPU = Debug|Any CPU
		DVD-5|Any CPU = DVD-5|Any CPU
		Release|Any CPU = Release|Any CPU
		SingleImage|Any CPU = SingleImage|Any CPU
	EndGlobalSection
	GlobalSection(ProjectConfigurationPlatforms) = postSolution
		{CA16DBC7-8C92-4377-9582-0696EDAFB1E2}.CD_ROM|Any CPU.ActiveCfg = Release|Any CPU
		{CA16DBC7-8C92-4377-9582-0696EDAFB1E2}.CD_ROM|Any CPU.Build.0 = Release|Any CPU
		{CA16DBC7-8C92-4377-9582-0696EDAFB1E2}.Debug|Any CPU.ActiveCfg = Debug|Any CPU
		{CA16DBC7-8C92-4377-9582-0696EDAFB1E2}.Debug|Any CPU.Build.0 = Debug|Any CPU
		{CA16DBC7-8C92-4377-9582-0696EDAFB1E2}.DVD-5|Any CPU.ActiveCfg = Debug|Any CPU
		{CA16DBC7-8C92-4377-9582-0696EDAFB1E2}.DVD-5|Any CPU.Build.0 = Debug|Any CPU
		{CA16DBC7-8C92-4377-9582-0696EDAFB1E2}.Release|Any CPU.ActiveCfg = Release|Any CPU
		{CA16DBC7-8C92-4377-9582-0696EDAFB1E2}.Release|Any CPU.Build.0 = Release|Any CPU
		{CA16DBC7-8C92-4377-9582-0696EDAFB1E2}.SingleImage|Any CPU.ActiveCfg = Release|Any CPU
		{CA16DBC7-8C92-4377-9582-0696EDAFB1E2}.SingleImage|Any CPU.Build.0 = Release|Any CPU
		{CC4C924D-E9C7-4ECC-A11D-53224B5A81A1}.CD_ROM|Any CPU.ActiveCfg = CD_ROM
		{CC4C924D-E9C7-4ECC-A11D-53224B5A81A1}.CD_ROM|Any CPU.Build.0 = CD_ROM
		{CC4C924D-E9C7-4ECC-A11D-53224B5A81A1}.Debug|Any CPU.ActiveCfg = DVD-5
		{CC4C924D-E9C7-4ECC-A11D-53224B5A81A1}.Debug|Any CPU.Build.0 = DVD-5
		{CC4C924D-E9C7-4ECC-A11D-53224B5A81A1}.DVD-5|Any CPU.ActiveCfg = DVD-5
		{CC4C924D-E9C7-4ECC-A11D-53224B5A81A1}.DVD-5|Any CPU.Build.0 = DVD-5
		{CC4C924D-E9C7-4ECC-A11D-53224B5A81A1}.Release|Any CPU.ActiveCfg = SingleImage
		{CC4C924D-E9C7-4ECC-A11D-53224B5A81A1}.Release|Any CPU.Build.0 = SingleImage
		{CC4C924D-E9C7-4ECC-A11D-53224B5A81A1}.SingleImage|Any CPU.ActiveCfg = SingleImage
		{CC4C924D-E9C7-4ECC-A11D-53224B5A81A1}.SingleImage|Any CPU.Build.0 = SingleImage
	EndGlobalSection
	GlobalSection(SolutionProperties) = preSolution
		HideSolutionNode = FALSE
	EndGlobalSection
EndGlobal
